
Microsoft Visual Studio Solution File, Format Version 12.00
# Visual Studio Version 17
VisualStudioVersion = 17.14.36623.8
MinimumVisualStudioVersion = 10.0.40219.1
Project("{FAE04EC0-301F-11D3-BF4B-00C04F79EFBC}") = "Prueba1_Login", "Prueba1_Login.csproj", "{8D0A849C-54CC-4127-B9CC-2EEB080B3C17}"
EndProject
Global
	GlobalSection(SolutionConfigurationPlatforms) = preSolution
		Debug|Any CPU = Debug|Any CPU
		Release|Any CPU = Release|Any CPU
	EndGlobalSection
	GlobalSection(ProjectConfigurationPlatforms) = postSolution
		{8D0A849C-54CC-4127-B9CC-2EEB080B3C17}.Debug|Any CPU.ActiveCfg = Debug|Any CPU
		{8D0A849C-54CC-4127-B9CC-2EEB080B3C17}.Debug|Any CPU.Build.0 = Debug|Any CPU
		{8D0A849C-54CC-4127-B9CC-2EEB080B3C17}.Release|Any CPU.ActiveCfg = Release|Any CPU
		{8D0A849C-54CC-4127-B9CC-2EEB080B3C17}.Release|Any CPU.Build.0 = Release|Any CPU
	EndGlobalSection
	GlobalSection(SolutionProperties) = preSolution
		HideSolutionNode = FALSE
	EndGlobalSection
	GlobalSection(ExtensibilityGlobals) = postSolution
		SolutionGuid = {E5F57F2B-8F4E-4E0D-9DA1-1D1F35CA35C8}
	EndGlobalSection
EndGlobal
